
Microsoft Visual Studio Solution File, Format Version 12.00
# Visual Studio Version 17
VisualStudioVersion = 17.1.32421.90
MinimumVisualStudioVersion = 10.0.40219.1
Project("{9A19103F-16F7-4668-BE54-9A1E7A4F7556}") = "PostgresAPI", "PostgresAPI\PostgresAPI.csproj", "{E211D4BA-0756-4051-91F9-32079A19AE33}"
EndProject
Project("{9A19103F-16F7-4668-BE54-9A1E7A4F7556}") = "IdentityServer", "IdentityServer\IdentityServer.csproj", "{F1F41498-C630-479A-92DA-33A3A5492E2C}"
EndProject
Project("{9A19103F-16F7-4668-BE54-9A1E7A4F7556}") = "MongoAPI", "MongoAPI\MongoAPI.csproj", "{65F5AB88-ACBC-4327-8738-17A4B1B4795C}"
EndProject
Project("{9A19103F-16F7-4668-BE54-9A1E7A4F7556}") = "Neo4JAPI", "Neo4JAPI\Neo4JAPI.csproj", "{4134A664-B317-40B6-A853-74095AA8707B}"
EndProject
Project("{9A19103F-16F7-4668-BE54-9A1E7A4F7556}") = "Common", "Common\Common.csproj", "{5F15AD0D-3E7D-4659-99FB-AC987E08875F}"
EndProject
Project("{FAE04EC0-301F-11D3-BF4B-00C04F79EFBC}") = "OcelotGatewayAPI", "OcelotGatewayAPI\OcelotGatewayAPI.csproj", "{DB1E12DD-BA4B-40DA-B571-112B90DB7B2D}"
EndProject
Global
	GlobalSection(SolutionConfigurationPlatforms) = preSolution
		Debug|Any CPU = Debug|Any CPU
		Release|Any CPU = Release|Any CPU
	EndGlobalSection
	GlobalSection(ProjectConfigurationPlatforms) = postSolution
		{E211D4BA-0756-4051-91F9-32079A19AE33}.Debug|Any CPU.ActiveCfg = Debug|Any CPU
		{E211D4BA-0756-4051-91F9-32079A19AE33}.Debug|Any CPU.Build.0 = Debug|Any CPU
		{E211D4BA-0756-4051-91F9-32079A19AE33}.Release|Any CPU.ActiveCfg = Release|Any CPU
		{E211D4BA-0756-4051-91F9-32079A19AE33}.Release|Any CPU.Build.0 = Release|Any CPU
		{F1F41498-C630-479A-92DA-33A3A5492E2C}.Debug|Any CPU.ActiveCfg = Debug|Any CPU
		{F1F41498-C630-479A-92DA-33A3A5492E2C}.Debug|Any CPU.Build.0 = Debug|Any CPU
		{F1F41498-C630-479A-92DA-33A3A5492E2C}.Release|Any CPU.ActiveCfg = Release|Any CPU
		{F1F41498-C630-479A-92DA-33A3A5492E2C}.Release|Any CPU.Build.0 = Release|Any CPU
		{65F5AB88-ACBC-4327-8738-17A4B1B4795C}.Debug|Any CPU.ActiveCfg = Debug|Any CPU
		{65F5AB88-ACBC-4327-8738-17A4B1B4795C}.Debug|Any CPU.Build.0 = Debug|Any CPU
		{65F5AB88-ACBC-4327-8738-17A4B1B4795C}.Release|Any CPU.ActiveCfg = Release|Any CPU
		{65F5AB88-ACBC-4327-8738-17A4B1B4795C}.Release|Any CPU.Build.0 = Release|Any CPU
		{4134A664-B317-40B6-A853-74095AA8707B}.Debug|Any CPU.ActiveCfg = Debug|Any CPU
		{4134A664-B317-40B6-A853-74095AA8707B}.Debug|Any CPU.Build.0 = Debug|Any CPU
		{4134A664-B317-40B6-A853-74095AA8707B}.Release|Any CPU.ActiveCfg = Release|Any CPU
		{4134A664-B317-40B6-A853-74095AA8707B}.Release|Any CPU.Build.0 = Release|Any CPU
		{5F15AD0D-3E7D-4659-99FB-AC987E08875F}.Debug|Any CPU.ActiveCfg = Debug|Any CPU
		{5F15AD0D-3E7D-4659-99FB-AC987E08875F}.Debug|Any CPU.Build.0 = Debug|Any CPU
		{5F15AD0D-3E7D-4659-99FB-AC987E08875F}.Release|Any CPU.ActiveCfg = Release|Any CPU
		{5F15AD0D-3E7D-4659-99FB-AC987E08875F}.Release|Any CPU.Build.0 = Release|Any CPU
		{DB1E12DD-BA4B-40DA-B571-112B90DB7B2D}.Debug|Any CPU.ActiveCfg = Debug|Any CPU
		{DB1E12DD-BA4B-40DA-B571-112B90DB7B2D}.Debug|Any CPU.Build.0 = Debug|Any CPU
		{DB1E12DD-BA4B-40DA-B571-112B90DB7B2D}.Release|Any CPU.ActiveCfg = Release|Any CPU
		{DB1E12DD-BA4B-40DA-B571-112B90DB7B2D}.Release|Any CPU.Build.0 = Release|Any CPU
	EndGlobalSection
	GlobalSection(SolutionProperties) = preSolution
		HideSolutionNode = FALSE
	EndGlobalSection
	GlobalSection(ExtensibilityGlobals) = postSolution
		SolutionGuid = {369642FF-1924-4AAB-9522-9F3BD0A9E162}
	EndGlobalSection
EndGlobal
